{
  "version": 4,
  "terraform_version": "0.12.24",
  "serial": 6,
  "lineage": "0acdfaf3-0316-8873-ce34-aa8d6486d9e0",
  "outputs": {},
  "resources": [
    {
      "mode": "managed",
      "type": "aws_vpc",
      "name": "myVpc",
      "provider": "provider.aws",
      "instances": [
        {
          "schema_version": 1,
          "attributes": {
            "arn": "arn:aws:ec2:ap-northeast-1:688654582404:vpc/vpc-0c7e709a52b5b6423",
            "assign_generated_ipv6_cidr_block": false,
            "cidr_block": "10.0.0.0/16",
            "default_network_acl_id": "acl-07e50d1d34b6270bb",
            "default_route_table_id": "rtb-07f79cf083d76e12e",
            "default_security_group_id": "sg-0ed2624966851b30c",
            "dhcp_options_id": "dopt-a17459c6",
            "enable_classiclink": false,
            "enable_classiclink_dns_support": false,
            "enable_dns_hostnames": false,
            "enable_dns_support": true,
            "id": "vpc-0c7e709a52b5b6423",
            "instance_tenancy": "default",
            "ipv6_association_id": "",
            "ipv6_cidr_block": "",
            "main_route_table_id": "rtb-07f79cf083d76e12e",
            "owner_id": "688654582404",
            "tags": null,
            "tags_all": {}
          },
          "private": "eyJzY2hlbWFfdmVyc2lvbiI6IjEifQ=="
        }
      ]
    }
  ]
}
