{
  "version": 4,
  "terraform_version": "0.12.24",
  "serial": 2,
  "lineage": "d1fd4522-9e8d-1e25-b59b-488f5143369e",
  "outputs": {
    "vpc_id": {
      "value": "vpc-03d667bf2155b1bee",
      "type": "string"
    }
  },
  "resources": [
    {
      "mode": "managed",
      "type": "aws_vpc",
      "name": "my_vpc",
      "provider": "provider.aws",
      "instances": [
        {
          "schema_version": 1,
          "attributes": {
            "arn": "arn:aws:ec2:eu-west-2:688654582404:vpc/vpc-03d667bf2155b1bee",
            "assign_generated_ipv6_cidr_block": false,
            "cidr_block": "10.0.0.0/16",
            "default_network_acl_id": "acl-022249d15c007957f",
            "default_route_table_id": "rtb-0bd7b485f562a7a12",
            "default_security_group_id": "sg-07fc0cc71d9cb59e3",
            "dhcp_options_id": "dopt-bd95b0d5",
            "enable_classiclink": null,
            "enable_classiclink_dns_support": null,
            "enable_dns_hostnames": false,
            "enable_dns_support": true,
            "id": "vpc-03d667bf2155b1bee",
            "instance_tenancy": "default",
            "ipv6_association_id": "",
            "ipv6_cidr_block": "",
            "main_route_table_id": "rtb-0bd7b485f562a7a12",
            "owner_id": "688654582404",
            "tags": {
              "Name": "inputtest"
            },
            "tags_all": {
              "Name": "inputtest"
            }
          },
          "private": "eyJzY2hlbWFfdmVyc2lvbiI6IjEifQ=="
        }
      ]
    }
  ]
}
